// !$*UTF8*$!
{
	archiveVersion = 1;
	classes = {
	};
	objectVersion = 46;
	objects = {

/* Begin PBXBuildFile section */
		A2EF070318F714340015B34B /* Foundation.framework in Frameworks */ = {isa = PBXBuildFile; fileRef = A2EF070218F714340015B34B /* Foundation.framework */; };
		A2EF070518F714340015B34B /* CoreGraphics.framework in Frameworks */ = {isa = PBXBuildFile; fileRef = A2EF070418F714340015B34B /* CoreGraphics.framework */; };
		A2EF070718F714340015B34B /* UIKit.framework in Frameworks */ = {isa = PBXBuildFile; fileRef = A2EF070618F714340015B34B /* UIKit.framework */; };
		A2EF070D18F714340015B34B /* InfoPlist.strings in Resources */ = {isa = PBXBuildFile; fileRef = A2EF070B18F714340015B34B /* InfoPlist.strings */; };
		A2EF070F18F714340015B34B /* main.m in Sources */ = {isa = PBXBuildFile; fileRef = A2EF070E18F714340015B34B /* main.m */; };
		A2EF071318F714340015B34B /* CFAppDelegate.m in Sources */ = {isa = PBXBuildFile; fileRef = A2EF071218F714340015B34B /* CFAppDelegate.m */; };
		A2EF071618F714340015B34B /* Main.storyboard in Resources */ = {isa = PBXBuildFile; fileRef = A2EF071418F714340015B34B /* Main.storyboard */; };
		A2EF071918F714340015B34B /* CFViewController.m in Sources */ = {isa = PBXBuildFile; fileRef = A2EF071818F714340015B34B /* CFViewController.m */; };
		A2EF071B18F714340015B34B /* Images.xcassets in Resources */ = {isa = PBXBuildFile; fileRef = A2EF071A18F714340015B34B /* Images.xcassets */; };
		A2EF072218F714340015B34B /* XCTest.framework in Frameworks */ = {isa = PBXBuildFile; fileRef = A2EF072118F714340015B34B /* XCTest.framework */; };
		A2EF072318F714340015B34B /* Foundation.framework in Frameworks */ = {isa = PBXBuildFile; fileRef = A2EF070218F714340015B34B /* Foundation.framework */; };
		A2EF072418F714340015B34B /* UIKit.framework in Frameworks */ = {isa = PBXBuildFile; fileRef = A2EF070618F714340015B34B /* UIKit.framework */; };
		A2EF072C18F714340015B34B /* InfoPlist.strings in Resources */ = {isa = PBXBuildFile; fileRef = A2EF072A18F714340015B34B /* InfoPlist.strings */; };
		A2EF072E18F714340015B34B /* scrollview_demoTests.m in Sources */ = {isa = PBXBuildFile; fileRef = A2EF072D18F714340015B34B /* scrollview_demoTests.m */; };
		A2EF073918F71D570015B34B /* Person.m in Sources */ = {isa = PBXBuildFile; fileRef = A2EF073818F71D570015B34B /* Person.m */; };
/* End PBXBuildFile section */

/* Begin PBXContainerItemProxy section */
		A2EF072518F714340015B34B /* PBXContainerItemProxy */ = {
			isa = PBXContainerItemProxy;
			containerPortal = A2EF06F718F714340015B34B /* Project object */;
			proxyType = 1;
			remoteGlobalIDString = A2EF06FE18F714340015B34B;
			remoteInfo = "scrollview demo";
		};
/* End PBXContainerItemProxy section */

/* Begin PBXFileReference section */
		A2EF06FF18F714340015B34B /* scrollview demo.app */ = {isa = PBXFileReference; explicitFileType = wrapper.application; includeInIndex = 0; path = "scrollview demo.app"; sourceTree = BUILT_PRODUCTS_DIR; };
		A2EF070218F714340015B34B /* Foundation.framework */ = {isa = PBXFileReference; lastKnownFileType = wrapper.framework; name = Foundation.framework; path = System/Library/Frameworks/Foundation.framework; sourceTree = SDKROOT; };
		A2EF070418F714340015B34B /* CoreGraphics.framework */ = {isa = PBXFileReference; lastKnownFileType = wrapper.framework; name = CoreGraphics.framework; path = System/Library/Frameworks/CoreGraphics.framework; sourceTree = SDKROOT; };
		A2EF070618F714340015B34B /* UIKit.framework */ = {isa = PBXFileReference; lastKnownFileType = wrapper.framework; name = UIKit.framework; path = System/Library/Frameworks/UIKit.framework; sourceTree = SDKROOT; };
		A2EF070A18F714340015B34B /* scrollview demo-Info.plist */ = {isa = PBXFileReference; lastKnownFileType = text.plist.xml; path = "scrollview demo-Info.plist"; sourceTree = "<group>"; };
		A2EF070C18F714340015B34B /* en */ = {isa = PBXFileReference; lastKnownFileType = text.plist.strings; name = en; path = en.lproj/InfoPlist.strings; sourceTree = "<group>"; };
		A2EF070E18F714340015B34B /* main.m */ = {isa = PBXFileReference; lastKnownFileType = sourcecode.c.objc; path = main.m; sourceTree = "<group>"; };
		A2EF071018F714340015B34B /* scrollview demo-Prefix.pch */ = {isa = PBXFileReference; lastKnownFileType = sourcecode.c.h; path = "scrollview demo-Prefix.pch"; sourceTree = "<group>"; };
		A2EF071118F714340015B34B /* CFAppDelegate.h */ = {isa = PBXFileReference; lastKnownFileType = sourcecode.c.h; path = CFAppDelegate.h; sourceTree = "<group>"; };
		A2EF071218F714340015B34B /* CFAppDelegate.m */ = {isa = PBXFileReference; lastKnownFileType = sourcecode.c.objc; path = CFAppDelegate.m; sourceTree = "<group>"; };
		A2EF071518F714340015B34B /* Base */ = {isa = PBXFileReference; lastKnownFileType = file.storyboard; name = Base; path = Base.lproj/Main.storyboard; sourceTree = "<group>"; };
		A2EF071718F714340015B34B /* CFViewController.h */ = {isa = PBXFileReference; lastKnownFileType = sourcecode.c.h; path = CFViewController.h; sourceTree = "<group>"; };
		A2EF071818F714340015B34B /* CFViewController.m */ = {isa = PBXFileReference; lastKnownFileType = sourcecode.c.objc; path = CFViewController.m; sourceTree = "<group>"; };
		A2EF071A18F714340015B34B /* Images.xcassets */ = {isa = PBXFileReference; lastKnownFileType = folder.assetcatalog; path = Images.xcassets; sourceTree = "<group>"; };
		A2EF072018F714340015B34B /* scrollview demoTests.xctest */ = {isa = PBXFileReference; explicitFileType = wrapper.cfbundle; includeInIndex = 0; path = "scrollview demoTests.xctest"; sourceTree = BUILT_PRODUCTS_DIR; };
		A2EF072118F714340015B34B /* XCTest.framework */ = {isa = PBXFileReference; lastKnownFileType = wrapper.framework; name = XCTest.framework; path = Library/Frameworks/XCTest.framework; sourceTree = DEVELOPER_DIR; };
		A2EF072918F714340015B34B /* scrollview demoTests-Info.plist */ = {isa = PBXFileReference; lastKnownFileType = text.plist.xml; path = "scrollview demoTests-Info.plist"; sourceTree = "<group>"; };
		A2EF072B18F714340015B34B /* en */ = {isa = PBXFileReference; lastKnownFileType = text.plist.strings; name = en; path = en.lproj/InfoPlist.strings; sourceTree = "<group>"; };
		A2EF072D18F714340015B34B /* scrollview_demoTests.m */ = {isa = PBXFileReference; lastKnownFileType = sourcecode.c.objc; path = scrollview_demoTests.m; sourceTree = "<group>"; };
		A2EF073718F71D570015B34B /* Person.h */ = {isa = PBXFileReference; fileEncoding = 4; lastKnownFileType = sourcecode.c.h; path = Person.h; sourceTree = "<group>"; };
		A2EF073818F71D570015B34B /* Person.m */ = {isa = PBXFileReference; fileEncoding = 4; lastKnownFileType = sourcecode.c.objc; path = Person.m; sourceTree = "<group>"; };
/* End PBXFileReference section */

/* Begin PBXFrameworksBuildPhase section */
		A2EF06FC18F714340015B34B /* Frameworks */ = {
			isa = PBXFrameworksBuildPhase;
			buildActionMask = 2147483647;
			files = (
				A2EF070518F714340015B34B /* CoreGraphics.framework in Frameworks */,
				A2EF070718F714340015B34B /* UIKit.framework in Frameworks */,
				A2EF070318F714340015B34B /* Foundation.framework in Frameworks */,
			);
			runOnlyForDeploymentPostprocessing = 0;
		};
		A2EF071D18F714340015B34B /* Frameworks */ = {
			isa = PBXFrameworksBuildPhase;
			buildActionMask = 2147483647;
			files = (
				A2EF072218F714340015B34B /* XCTest.framework in Frameworks */,
				A2EF072418F714340015B34B /* UIKit.framework in Frameworks */,
				A2EF072318F714340015B34B /* Foundation.framework in Frameworks */,
			);
			runOnlyForDeploymentPostprocessing = 0;
		};
/* End PBXFrameworksBuildPhase section */

/* Begin PBXGroup section */
		A2EF06F618F714340015B34B = {
			isa = PBXGroup;
			children = (
				A2EF070818F714340015B34B /* scrollview demo */,
				A2EF072718F714340015B34B /* scrollview demoTests */,
				A2EF070118F714340015B34B /* Frameworks */,
				A2EF070018F714340015B34B /* Products */,
			);
			sourceTree = "<group>";
		};
		A2EF070018F714340015B34B /* Products */ = {
			isa = PBXGroup;
			children = (
				A2EF06FF18F714340015B34B /* scrollview demo.app */,
				A2EF072018F714340015B34B /* scrollview demoTests.xctest */,
			);
			name = Products;
			sourceTree = "<group>";
		};
		A2EF070118F714340015B34B /* Frameworks */ = {
			isa = PBXGroup;
			children = (
				A2EF070218F714340015B34B /* Foundation.framework */,
				A2EF070418F714340015B34B /* CoreGraphics.framework */,
				A2EF070618F714340015B34B /* UIKit.framework */,
				A2EF072118F714340015B34B /* XCTest.framework */,
			);
			name = Frameworks;
			sourceTree = "<group>";
		};
		A2EF070818F714340015B34B /* scrollview demo */ = {
			isa = PBXGroup;
			children = (
				A2EF071118F714340015B34B /* CFAppDelegate.h */,
				A2EF071218F714340015B34B /* CFAppDelegate.m */,
				A2EF071418F714340015B34B /* Main.storyboard */,
				A2EF071718F714340015B34B /* CFViewController.h */,
				A2EF071818F714340015B34B /* CFViewController.m */,
				A2EF073718F71D570015B34B /* Person.h */,
				A2EF073818F71D570015B34B /* Person.m */,
				A2EF071A18F714340015B34B /* Images.xcassets */,
				A2EF070918F714340015B34B /* Supporting Files */,
			);
			path = "scrollview demo";
			sourceTree = "<group>";
		};
		A2EF070918F714340015B34B /* Supporting Files */ = {
			isa = PBXGroup;
			children = (
				A2EF070A18F714340015B34B /* scrollview demo-Info.plist */,
				A2EF070B18F714340015B34B /* InfoPlist.strings */,
				A2EF070E18F714340015B34B /* main.m */,
				A2EF071018F714340015B34B /* scrollview demo-Prefix.pch */,
			);
			name = "Supporting Files";
			sourceTree = "<group>";
		};
		A2EF072718F714340015B34B /* scrollview demoTests */ = {
			isa = PBXGroup;
			children = (
				A2EF072D18F714340015B34B /* scrollview_demoTests.m */,
				A2EF072818F714340015B34B /* Supporting Files */,
			);
			path = "scrollview demoTests";
			sourceTree = "<group>";
		};
		A2EF072818F714340015B34B /* Supporting Files */ = {
			isa = PBXGroup;
			children = (
				A2EF072918F714340015B34B /* scrollview demoTests-Info.plist */,
				A2EF072A18F714340015B34B /* InfoPlist.strings */,
			);
			name = "Supporting Files";
			sourceTree = "<group>";
		};
/* End PBXGroup section */

/* Begin PBXNativeTarget section */
		A2EF06FE18F714340015B34B /* scrollview demo */ = {
			isa = PBXNativeTarget;
			buildConfigurationList = A2EF073118F714340015B34B /* Build configuration list for PBXNativeTarget "scrollview demo" */;
			buildPhases = (
				A2EF06FB18F714340015B34B /* Sources */,
				A2EF06FC18F714340015B34B /* Frameworks */,
				A2EF06FD18F714340015B34B /* Resources */,
			);
			buildRules = (
			);
			dependencies = (
			);
			name = "scrollview demo";
			productName = "scrollview demo";
			productReference = A2EF06FF18F714340015B34B /* scrollview demo.app */;
			productType = "com.apple.product-type.application";
		};
		A2EF071F18F714340015B34B /* scrollview demoTests */ = {
			isa = PBXNativeTarget;
			buildConfigurationList = A2EF073418F714340015B34B /* Build configuration list for PBXNativeTarget "scrollview demoTests" */;
			buildPhases = (
				A2EF071C18F714340015B34B /* Sources */,
				A2EF071D18F714340015B34B /* Frameworks */,
				A2EF071E18F714340015B34B /* Resources */,
			);
			buildRules = (
			);
			dependencies = (
				A2EF072618F714340015B34B /* PBXTargetDependency */,
			);
			name = "scrollview demoTests";
			productName = "scrollview demoTests";
			productReference = A2EF072018F714340015B34B /* scrollview demoTests.xctest */;
			productType = "com.apple.product-type.bundle.unit-test";
		};
/* End PBXNativeTarget section */

/* Begin PBXProject section */
		A2EF06F718F714340015B34B /* Project object */ = {
			isa = PBXProject;
			attributes = {
				CLASSPREFIX = CF;
				LastUpgradeCheck = 0510;
				ORGANIZATIONNAME = Brad;
				TargetAttributes = {
					A2EF071F18F714340015B34B = {
						TestTargetID = A2EF06FE18F714340015B34B;
					};
				};
			};
			buildConfigurationList = A2EF06FA18F714340015B34B /* Build configuration list for PBXProject "scrollview demo" */;
			compatibilityVersion = "Xcode 3.2";
			developmentRegion = English;
			hasScannedForEncodings = 0;
			knownRegions = (
				en,
				Base,
			);
			mainGroup = A2EF06F618F714340015B34B;
			productRefGroup = A2EF070018F714340015B34B /* Products */;
			projectDirPath = "";
			projectRoot = "";
			targets = (
				A2EF06FE18F714340015B34B /* scrollview demo */,
				A2EF071F18F714340015B34B /* scrollview demoTests */,
			);
		};
/* End PBXProject section */

/* Begin PBXResourcesBuildPhase section */
		A2EF06FD18F714340015B34B /* Resources */ = {
			isa = PBXResourcesBuildPhase;
			buildActionMask = 2147483647;
			files = (
				A2EF071B18F714340015B34B /* Images.xcassets in Resources */,
				A2EF070D18F714340015B34B /* InfoPlist.strings in Resources */,
				A2EF071618F714340015B34B /* Main.storyboard in Resources */,
			);
			runOnlyForDeploymentPostprocessing = 0;
		};
		A2EF071E18F714340015B34B /* Resources */ = {
			isa = PBXResourcesBuildPhase;
			buildActionMask = 2147483647;
			files = (
				A2EF072C18F714340015B34B /* InfoPlist.strings in Resources */,
			);
			runOnlyForDeploymentPostprocessing = 0;
		};
/* End PBXResourcesBuildPhase section */

/* Begin PBXSourcesBuildPhase section */
		A2EF06FB18F714340015B34B /* Sources */ = {
			isa = PBXSourcesBuildPhase;
			buildActionMask = 2147483647;
			files = (
				A2EF070F18F714340015B34B /* main.m in Sources */,
				A2EF071318F714340015B34B /* CFAppDelegate.m in Sources */,
				A2EF073918F71D570015B34B /* Person.m in Sources */,
				A2EF071918F714340015B34B /* CFViewController.m in Sources */,
			);
			runOnlyForDeploymentPostprocessing = 0;
		};
		A2EF071C18F714340015B34B /* Sources */ = {
			isa = PBXSourcesBuildPhase;
			buildActionMask = 2147483647;
			files = (
				A2EF072E18F714340015B34B /* scrollview_demoTests.m in Sources */,
			);
			runOnlyForDeploymentPostprocessing = 0;
		};
/* End PBXSourcesBuildPhase section */

/* Begin PBXTargetDependency section */
		A2EF072618F714340015B34B /* PBXTargetDependency */ = {
			isa = PBXTargetDependency;
			target = A2EF06FE18F714340015B34B /* scrollview demo */;
			targetProxy = A2EF072518F714340015B34B /* PBXContainerItemProxy */;
		};
/* End PBXTargetDependency section */

/* Begin PBXVariantGroup section */
		A2EF070B18F714340015B34B /* InfoPlist.strings */ = {
			isa = PBXVariantGroup;
			children = (
				A2EF070C18F714340015B34B /* en */,
			);
			name = InfoPlist.strings;
			sourceTree = "<group>";
		};
		A2EF071418F714340015B34B /* Main.storyboard */ = {
			isa = PBXVariantGroup;
			children = (
				A2EF071518F714340015B34B /* Base */,
			);
			name = Main.storyboard;
			sourceTree = "<group>";
		};
		A2EF072A18F714340015B34B /* InfoPlist.strings */ = {
			isa = PBXVariantGroup;
			children = (
				A2EF072B18F714340015B34B /* en */,
			);
			name = InfoPlist.strings;
			sourceTree = "<group>";
		};
/* End PBXVariantGroup section */

/* Begin XCBuildConfiguration section */
		A2EF072F18F714340015B34B /* Debug */ = {
			isa = XCBuildConfiguration;
			buildSettings = {
				ALWAYS_SEARCH_USER_PATHS = NO;
				CLANG_CXX_LANGUAGE_STANDARD = "gnu++0x";
				CLANG_CXX_LIBRARY = "libc++";
				CLANG_ENABLE_MODULES = YES;
				CLANG_ENABLE_OBJC_ARC = YES;
				CLANG_WARN_BOOL_CONVERSION = YES;
				CLANG_WARN_CONSTANT_CONVERSION = YES;
				CLANG_WARN_DIRECT_OBJC_ISA_USAGE = YES_ERROR;
				CLANG_WARN_EMPTY_BODY = YES;
				CLANG_WARN_ENUM_CONVERSION = YES;
				CLANG_WARN_INT_CONVERSION = YES;
				CLANG_WARN_OBJC_ROOT_CLASS = YES_ERROR;
				CLANG_WARN__DUPLICATE_METHOD_MATCH = YES;
				"CODE_SIGN_IDENTITY[sdk=iphoneos*]" = "iPhone Developer";
				COPY_PHASE_STRIP = NO;
				GCC_C_LANGUAGE_STANDARD = gnu99;
				GCC_DYNAMIC_NO_PIC = NO;
				GCC_OPTIMIZATION_LEVEL = 0;
				GCC_PREPROCESSOR_DEFINITIONS = (
					"DEBUG=1",
					"$(inherited)",
				);
				GCC_SYMBOLS_PRIVATE_EXTERN = NO;
				GCC_WARN_64_TO_32_BIT_CONVERSION = YES;
				GCC_WARN_ABOUT_RETURN_TYPE = YES_ERROR;
				GCC_WARN_UNDECLARED_SELECTOR = YES;
				GCC_WARN_UNINITIALIZED_AUTOS = YES_AGGRESSIVE;
				GCC_WARN_UNUSED_FUNCTION = YES;
				GCC_WARN_UNUSED_VARIABLE = YES;
				IPHONEOS_DEPLOYMENT_TARGET = 7.1;
				ONLY_ACTIVE_ARCH = YES;
				SDKROOT = iphoneos;
			};
			name = Debug;
		};
		A2EF073018F714340015B34B /* Release */ = {
			isa = XCBuildConfiguration;
			buildSettings = {
				ALWAYS_SEARCH_USER_PATHS = NO;
				CLANG_CXX_LANGUAGE_STANDARD = "gnu++0x";
				CLANG_CXX_LIBRARY = "libc++";
				CLANG_ENABLE_MODULES = YES;
				CLANG_ENABLE_OBJC_ARC = YES;
				CLANG_WARN_BOOL_CONVERSION = YES;
				CLANG_WARN_CONSTANT_CONVERSION = YES;
				CLANG_WARN_DIRECT_OBJC_ISA_USAGE = YES_ERROR;
				CLANG_WARN_EMPTY_BODY = YES;
				CLANG_WARN_ENUM_CONVERSION = YES;
				CLANG_WARN_INT_CONVERSION = YES;
				CLANG_WARN_OBJC_ROOT_CLASS = YES_ERROR;
				CLANG_WARN__DUPLICATE_METHOD_MATCH = YES;
				"CODE_SIGN_IDENTITY[sdk=iphoneos*]" = "iPhone Developer";
				COPY_PHASE_STRIP = YES;
				ENABLE_NS_ASSERTIONS = NO;
				GCC_C_LANGUAGE_STANDARD = gnu99;
				GCC_WARN_64_TO_32_BIT_CONVERSION = YES;
				GCC_WARN_ABOUT_RETURN_TYPE = YES_ERROR;
				GCC_WARN_UNDECLARED_SELECTOR = YES;
				GCC_WARN_UNINITIALIZED_AUTOS = YES_AGGRESSIVE;
				GCC_WARN_UNUSED_FUNCTION = YES;
				GCC_WARN_UNUSED_VARIABLE = YES;
				IPHONEOS_DEPLOYMENT_TARGET = 7.1;
				SDKROOT = iphoneos;
				VALIDATE_PRODUCT = YES;
			};
			name = Release;
		};
		A2EF073218F714340015B34B /* Debug */ = {
			isa = XCBuildConfiguration;
			buildSettings = {
				ASSETCATALOG_COMPILER_APPICON_NAME = AppIcon;
				ASSETCATALOG_COMPILER_LAUNCHIMAGE_NAME = LaunchImage;
				GCC_PRECOMPILE_PREFIX_HEADER = YES;
				GCC_PREFIX_HEADER = "scrollview demo/scrollview demo-Prefix.pch";
				INFOPLIST_FILE = "scrollview demo/scrollview demo-Info.plist";
				PRODUCT_NAME = "$(TARGET_NAME)";
				WRAPPER_EXTENSION = app;
			};
			name = Debug;
		};
		A2EF073318F714340015B34B /* Release */ = {
			isa = XCBuildConfiguration;
			buildSettings = {
				ASSETCATALOG_COMPILER_APPICON_NAME = AppIcon;
				ASSETCATALOG_COMPILER_LAUNCHIMAGE_NAME = LaunchImage;
				GCC_PRECOMPILE_PREFIX_HEADER = YES;
				GCC_PREFIX_HEADER = "scrollview demo/scrollview demo-Prefix.pch";
				INFOPLIST_FILE = "scrollview demo/scrollview demo-Info.plist";
				PRODUCT_NAME = "$(TARGET_NAME)";
				WRAPPER_EXTENSION = app;
			};
			name = Release;
		};
		A2EF073518F714340015B34B /* Debug */ = {
			isa = XCBuildConfiguration;
			buildSettings = {
				BUNDLE_LOADER = "$(BUILT_PRODUCTS_DIR)/scrollview demo.app/scrollview demo";
				FRAMEWORK_SEARCH_PATHS = (
					"$(SDKROOT)/Developer/Library/Frameworks",
					"$(inherited)",
					"$(DEVELOPER_FRAMEWORKS_DIR)",
				);
				GCC_PRECOMPILE_PREFIX_HEADER = YES;
				GCC_PREFIX_HEADER = "scrollview demo/scrollview demo-Prefix.pch";
				GCC_PREPROCESSOR_DEFINITIONS = (
					"DEBUG=1",
					"$(inherited)",
				);
				INFOPLIST_FILE = "scrollview demoTests/scrollview demoTests-Info.plist";
				PRODUCT_NAME = "$(TARGET_NAME)";
				TEST_HOST = "$(BUNDLE_LOADER)";
				WRAPPER_EXTENSION = xctest;
			};
			name = Debug;
		};
		A2EF073618F714340015B34B /* Release */ = {
			isa = XCBuildConfiguration;
			buildSettings = {
				BUNDLE_LOADER = "$(BUILT_PRODUCTS_DIR)/scrollview demo.app/scrollview demo";
				FRAMEWORK_SEARCH_PATHS = (
					"$(SDKROOT)/Developer/Library/Frameworks",
					"$(inherited)",
					"$(DEVELOPER_FRAMEWORKS_DIR)",
				);
				GCC_PRECOMPILE_PREFIX_HEADER = YES;
				GCC_PREFIX_HEADER = "scrollview demo/scrollview demo-Prefix.pch";
				INFOPLIST_FILE = "scrollview demoTests/scrollview demoTests-Info.plist";
				PRODUCT_NAME = "$(TARGET_NAME)";
				TEST_HOST = "$(BUNDLE_LOADER)";
				WRAPPER_EXTENSION = xctest;
			};
			name = Release;
		};
/* End XCBuildConfiguration section */

/* Begin XCConfigurationList section */
		A2EF06FA18F714340015B34B /* Build configuration list for PBXProject "scrollview demo" */ = {
			isa = XCConfigurationList;
			buildConfigurations = (
				A2EF072F18F714340015B34B /* Debug */,
				A2EF073018F714340015B34B /* Release */,
			);
			defaultConfigurationIsVisible = 0;
			defaultConfigurationName = Release;
		};
		A2EF073118F714340015B34B /* Build configuration list for PBXNativeTarget "scrollview demo" */ = {
			isa = XCConfigurationList;
			buildConfigurations = (
				A2EF073218F714340015B34B /* Debug */,
				A2EF073318F714340015B34B /* Release */,
			);
			defaultConfigurationIsVisible = 0;
		};
		A2EF073418F714340015B34B /* Build configuration list for PBXNativeTarget "scrollview demoTests" */ = {
			isa = XCConfigurationList;
			buildConfigurations = (
				A2EF073518F714340015B34B /* Debug */,
				A2EF073618F714340015B34B /* Release */,
			);
			defaultConfigurationIsVisible = 0;
		};
/* End XCConfigurationList section */
	};
	rootObject = A2EF06F718F714340015B34B /* Project object */;
}
