// !$*UTF8*$!
{
	archiveVersion = 1;
	classes = {
	};
	objectVersion = 46;
	objects = {

/* Begin PBXBuildFile section */
		EF91F608192CF3DD00261F77 /* Foundation.framework in Frameworks */ = {isa = PBXBuildFile; fileRef = EF91F607192CF3DD00261F77 /* Foundation.framework */; };
		EF91F60A192CF3DD00261F77 /* CoreGraphics.framework in Frameworks */ = {isa = PBXBuildFile; fileRef = EF91F609192CF3DD00261F77 /* CoreGraphics.framework */; };
		EF91F60C192CF3DE00261F77 /* UIKit.framework in Frameworks */ = {isa = PBXBuildFile; fileRef = EF91F60B192CF3DE00261F77 /* UIKit.framework */; };
		EF91F612192CF3DE00261F77 /* InfoPlist.strings in Resources */ = {isa = PBXBuildFile; fileRef = EF91F610192CF3DE00261F77 /* InfoPlist.strings */; };
		EF91F614192CF3DE00261F77 /* main.m in Sources */ = {isa = PBXBuildFile; fileRef = EF91F613192CF3DE00261F77 /* main.m */; };
		EF91F618192CF3DE00261F77 /* AppDelegate.m in Sources */ = {isa = PBXBuildFile; fileRef = EF91F617192CF3DE00261F77 /* AppDelegate.m */; };
		EF91F61B192CF3DE00261F77 /* Main.storyboard in Resources */ = {isa = PBXBuildFile; fileRef = EF91F619192CF3DE00261F77 /* Main.storyboard */; };
		EF91F61E192CF3DE00261F77 /* ViewController.m in Sources */ = {isa = PBXBuildFile; fileRef = EF91F61D192CF3DE00261F77 /* ViewController.m */; };
		EF91F620192CF3DE00261F77 /* Images.xcassets in Resources */ = {isa = PBXBuildFile; fileRef = EF91F61F192CF3DE00261F77 /* Images.xcassets */; };
		EF91F627192CF3DE00261F77 /* XCTest.framework in Frameworks */ = {isa = PBXBuildFile; fileRef = EF91F626192CF3DE00261F77 /* XCTest.framework */; };
		EF91F628192CF3DE00261F77 /* Foundation.framework in Frameworks */ = {isa = PBXBuildFile; fileRef = EF91F607192CF3DD00261F77 /* Foundation.framework */; };
		EF91F629192CF3DE00261F77 /* UIKit.framework in Frameworks */ = {isa = PBXBuildFile; fileRef = EF91F60B192CF3DE00261F77 /* UIKit.framework */; };
		EF91F631192CF3DE00261F77 /* InfoPlist.strings in Resources */ = {isa = PBXBuildFile; fileRef = EF91F62F192CF3DE00261F77 /* InfoPlist.strings */; };
		EF91F633192CF3DE00261F77 /* Manual_Reference_CountingTests.m in Sources */ = {isa = PBXBuildFile; fileRef = EF91F632192CF3DE00261F77 /* Manual_Reference_CountingTests.m */; };
/* End PBXBuildFile section */

/* Begin PBXContainerItemProxy section */
		EF91F62A192CF3DE00261F77 /* PBXContainerItemProxy */ = {
			isa = PBXContainerItemProxy;
			containerPortal = EF91F5FC192CF3DD00261F77 /* Project object */;
			proxyType = 1;
			remoteGlobalIDString = EF91F603192CF3DD00261F77;
			remoteInfo = "Manual Reference Counting";
		};
/* End PBXContainerItemProxy section */

/* Begin PBXFileReference section */
		EF91F604192CF3DD00261F77 /* Manual Reference Counting.app */ = {isa = PBXFileReference; explicitFileType = wrapper.application; includeInIndex = 0; path = "Manual Reference Counting.app"; sourceTree = BUILT_PRODUCTS_DIR; };
		EF91F607192CF3DD00261F77 /* Foundation.framework */ = {isa = PBXFileReference; lastKnownFileType = wrapper.framework; name = Foundation.framework; path = System/Library/Frameworks/Foundation.framework; sourceTree = SDKROOT; };
		EF91F609192CF3DD00261F77 /* CoreGraphics.framework */ = {isa = PBXFileReference; lastKnownFileType = wrapper.framework; name = CoreGraphics.framework; path = System/Library/Frameworks/CoreGraphics.framework; sourceTree = SDKROOT; };
		EF91F60B192CF3DE00261F77 /* UIKit.framework */ = {isa = PBXFileReference; lastKnownFileType = wrapper.framework; name = UIKit.framework; path = System/Library/Frameworks/UIKit.framework; sourceTree = SDKROOT; };
		EF91F60F192CF3DE00261F77 /* Manual Reference Counting-Info.plist */ = {isa = PBXFileReference; lastKnownFileType = text.plist.xml; path = "Manual Reference Counting-Info.plist"; sourceTree = "<group>"; };
		EF91F611192CF3DE00261F77 /* en */ = {isa = PBXFileReference; lastKnownFileType = text.plist.strings; name = en; path = en.lproj/InfoPlist.strings; sourceTree = "<group>"; };
		EF91F613192CF3DE00261F77 /* main.m */ = {isa = PBXFileReference; lastKnownFileType = sourcecode.c.objc; path = main.m; sourceTree = "<group>"; };
		EF91F615192CF3DE00261F77 /* Manual Reference Counting-Prefix.pch */ = {isa = PBXFileReference; lastKnownFileType = sourcecode.c.h; path = "Manual Reference Counting-Prefix.pch"; sourceTree = "<group>"; };
		EF91F616192CF3DE00261F77 /* AppDelegate.h */ = {isa = PBXFileReference; lastKnownFileType = sourcecode.c.h; path = AppDelegate.h; sourceTree = "<group>"; };
		EF91F617192CF3DE00261F77 /* AppDelegate.m */ = {isa = PBXFileReference; lastKnownFileType = sourcecode.c.objc; path = AppDelegate.m; sourceTree = "<group>"; };
		EF91F61A192CF3DE00261F77 /* Base */ = {isa = PBXFileReference; lastKnownFileType = file.storyboard; name = Base; path = Base.lproj/Main.storyboard; sourceTree = "<group>"; };
		EF91F61C192CF3DE00261F77 /* ViewController.h */ = {isa = PBXFileReference; lastKnownFileType = sourcecode.c.h; path = ViewController.h; sourceTree = "<group>"; };
		EF91F61D192CF3DE00261F77 /* ViewController.m */ = {isa = PBXFileReference; lastKnownFileType = sourcecode.c.objc; path = ViewController.m; sourceTree = "<group>"; };
		EF91F61F192CF3DE00261F77 /* Images.xcassets */ = {isa = PBXFileReference; lastKnownFileType = folder.assetcatalog; path = Images.xcassets; sourceTree = "<group>"; };
		EF91F625192CF3DE00261F77 /* Manual Reference CountingTests.xctest */ = {isa = PBXFileReference; explicitFileType = wrapper.cfbundle; includeInIndex = 0; path = "Manual Reference CountingTests.xctest"; sourceTree = BUILT_PRODUCTS_DIR; };
		EF91F626192CF3DE00261F77 /* XCTest.framework */ = {isa = PBXFileReference; lastKnownFileType = wrapper.framework; name = XCTest.framework; path = Library/Frameworks/XCTest.framework; sourceTree = DEVELOPER_DIR; };
		EF91F62E192CF3DE00261F77 /* Manual Reference CountingTests-Info.plist */ = {isa = PBXFileReference; lastKnownFileType = text.plist.xml; path = "Manual Reference CountingTests-Info.plist"; sourceTree = "<group>"; };
		EF91F630192CF3DE00261F77 /* en */ = {isa = PBXFileReference; lastKnownFileType = text.plist.strings; name = en; path = en.lproj/InfoPlist.strings; sourceTree = "<group>"; };
		EF91F632192CF3DE00261F77 /* Manual_Reference_CountingTests.m */ = {isa = PBXFileReference; lastKnownFileType = sourcecode.c.objc; path = Manual_Reference_CountingTests.m; sourceTree = "<group>"; };
/* End PBXFileReference section */

/* Begin PBXFrameworksBuildPhase section */
		EF91F601192CF3DD00261F77 /* Frameworks */ = {
			isa = PBXFrameworksBuildPhase;
			buildActionMask = 2147483647;
			files = (
				EF91F60A192CF3DD00261F77 /* CoreGraphics.framework in Frameworks */,
				EF91F60C192CF3DE00261F77 /* UIKit.framework in Frameworks */,
				EF91F608192CF3DD00261F77 /* Foundation.framework in Frameworks */,
			);
			runOnlyForDeploymentPostprocessing = 0;
		};
		EF91F622192CF3DE00261F77 /* Frameworks */ = {
			isa = PBXFrameworksBuildPhase;
			buildActionMask = 2147483647;
			files = (
				EF91F627192CF3DE00261F77 /* XCTest.framework in Frameworks */,
				EF91F629192CF3DE00261F77 /* UIKit.framework in Frameworks */,
				EF91F628192CF3DE00261F77 /* Foundation.framework in Frameworks */,
			);
			runOnlyForDeploymentPostprocessing = 0;
		};
/* End PBXFrameworksBuildPhase section */

/* Begin PBXGroup section */
		EF91F5FB192CF3DD00261F77 = {
			isa = PBXGroup;
			children = (
				EF91F60D192CF3DE00261F77 /* Manual Reference Counting */,
				EF91F62C192CF3DE00261F77 /* Manual Reference CountingTests */,
				EF91F606192CF3DD00261F77 /* Frameworks */,
				EF91F605192CF3DD00261F77 /* Products */,
			);
			sourceTree = "<group>";
		};
		EF91F605192CF3DD00261F77 /* Products */ = {
			isa = PBXGroup;
			children = (
				EF91F604192CF3DD00261F77 /* Manual Reference Counting.app */,
				EF91F625192CF3DE00261F77 /* Manual Reference CountingTests.xctest */,
			);
			name = Products;
			sourceTree = "<group>";
		};
		EF91F606192CF3DD00261F77 /* Frameworks */ = {
			isa = PBXGroup;
			children = (
				EF91F607192CF3DD00261F77 /* Foundation.framework */,
				EF91F609192CF3DD00261F77 /* CoreGraphics.framework */,
				EF91F60B192CF3DE00261F77 /* UIKit.framework */,
				EF91F626192CF3DE00261F77 /* XCTest.framework */,
			);
			name = Frameworks;
			sourceTree = "<group>";
		};
		EF91F60D192CF3DE00261F77 /* Manual Reference Counting */ = {
			isa = PBXGroup;
			children = (
				EF91F616192CF3DE00261F77 /* AppDelegate.h */,
				EF91F617192CF3DE00261F77 /* AppDelegate.m */,
				EF91F619192CF3DE00261F77 /* Main.storyboard */,
				EF91F61C192CF3DE00261F77 /* ViewController.h */,
				EF91F61D192CF3DE00261F77 /* ViewController.m */,
				EF91F61F192CF3DE00261F77 /* Images.xcassets */,
				EF91F60E192CF3DE00261F77 /* Supporting Files */,
			);
			path = "Manual Reference Counting";
			sourceTree = "<group>";
		};
		EF91F60E192CF3DE00261F77 /* Supporting Files */ = {
			isa = PBXGroup;
			children = (
				EF91F60F192CF3DE00261F77 /* Manual Reference Counting-Info.plist */,
				EF91F610192CF3DE00261F77 /* InfoPlist.strings */,
				EF91F613192CF3DE00261F77 /* main.m */,
				EF91F615192CF3DE00261F77 /* Manual Reference Counting-Prefix.pch */,
			);
			name = "Supporting Files";
			sourceTree = "<group>";
		};
		EF91F62C192CF3DE00261F77 /* Manual Reference CountingTests */ = {
			isa = PBXGroup;
			children = (
				EF91F632192CF3DE00261F77 /* Manual_Reference_CountingTests.m */,
				EF91F62D192CF3DE00261F77 /* Supporting Files */,
			);
			path = "Manual Reference CountingTests";
			sourceTree = "<group>";
		};
		EF91F62D192CF3DE00261F77 /* Supporting Files */ = {
			isa = PBXGroup;
			children = (
				EF91F62E192CF3DE00261F77 /* Manual Reference CountingTests-Info.plist */,
				EF91F62F192CF3DE00261F77 /* InfoPlist.strings */,
			);
			name = "Supporting Files";
			sourceTree = "<group>";
		};
/* End PBXGroup section */

/* Begin PBXNativeTarget section */
		EF91F603192CF3DD00261F77 /* Manual Reference Counting */ = {
			isa = PBXNativeTarget;
			buildConfigurationList = EF91F636192CF3DE00261F77 /* Build configuration list for PBXNativeTarget "Manual Reference Counting" */;
			buildPhases = (
				EF91F600192CF3DD00261F77 /* Sources */,
				EF91F601192CF3DD00261F77 /* Frameworks */,
				EF91F602192CF3DD00261F77 /* Resources */,
			);
			buildRules = (
			);
			dependencies = (
			);
			name = "Manual Reference Counting";
			productName = "Manual Reference Counting";
			productReference = EF91F604192CF3DD00261F77 /* Manual Reference Counting.app */;
			productType = "com.apple.product-type.application";
		};
		EF91F624192CF3DE00261F77 /* Manual Reference CountingTests */ = {
			isa = PBXNativeTarget;
			buildConfigurationList = EF91F639192CF3DE00261F77 /* Build configuration list for PBXNativeTarget "Manual Reference CountingTests" */;
			buildPhases = (
				EF91F621192CF3DE00261F77 /* Sources */,
				EF91F622192CF3DE00261F77 /* Frameworks */,
				EF91F623192CF3DE00261F77 /* Resources */,
			);
			buildRules = (
			);
			dependencies = (
				EF91F62B192CF3DE00261F77 /* PBXTargetDependency */,
			);
			name = "Manual Reference CountingTests";
			productName = "Manual Reference CountingTests";
			productReference = EF91F625192CF3DE00261F77 /* Manual Reference CountingTests.xctest */;
			productType = "com.apple.product-type.bundle.unit-test";
		};
/* End PBXNativeTarget section */

/* Begin PBXProject section */
		EF91F5FC192CF3DD00261F77 /* Project object */ = {
			isa = PBXProject;
			attributes = {
				LastUpgradeCheck = 0510;
				ORGANIZATIONNAME = "Code Fellows";
				TargetAttributes = {
					EF91F624192CF3DE00261F77 = {
						TestTargetID = EF91F603192CF3DD00261F77;
					};
				};
			};
			buildConfigurationList = EF91F5FF192CF3DD00261F77 /* Build configuration list for PBXProject "Manual Reference Counting" */;
			compatibilityVersion = "Xcode 3.2";
			developmentRegion = English;
			hasScannedForEncodings = 0;
			knownRegions = (
				en,
				Base,
			);
			mainGroup = EF91F5FB192CF3DD00261F77;
			productRefGroup = EF91F605192CF3DD00261F77 /* Products */;
			projectDirPath = "";
			projectRoot = "";
			targets = (
				EF91F603192CF3DD00261F77 /* Manual Reference Counting */,
				EF91F624192CF3DE00261F77 /* Manual Reference CountingTests */,
			);
		};
/* End PBXProject section */

/* Begin PBXResourcesBuildPhase section */
		EF91F602192CF3DD00261F77 /* Resources */ = {
			isa = PBXResourcesBuildPhase;
			buildActionMask = 2147483647;
			files = (
				EF91F620192CF3DE00261F77 /* Images.xcassets in Resources */,
				EF91F612192CF3DE00261F77 /* InfoPlist.strings in Resources */,
				EF91F61B192CF3DE00261F77 /* Main.storyboard in Resources */,
			);
			runOnlyForDeploymentPostprocessing = 0;
		};
		EF91F623192CF3DE00261F77 /* Resources */ = {
			isa = PBXResourcesBuildPhase;
			buildActionMask = 2147483647;
			files = (
				EF91F631192CF3DE00261F77 /* InfoPlist.strings in Resources */,
			);
			runOnlyForDeploymentPostprocessing = 0;
		};
/* End PBXResourcesBuildPhase section */

/* Begin PBXSourcesBuildPhase section */
		EF91F600192CF3DD00261F77 /* Sources */ = {
			isa = PBXSourcesBuildPhase;
			buildActionMask = 2147483647;
			files = (
				EF91F61E192CF3DE00261F77 /* ViewController.m in Sources */,
				EF91F618192CF3DE00261F77 /* AppDelegate.m in Sources */,
				EF91F614192CF3DE00261F77 /* main.m in Sources */,
			);
			runOnlyForDeploymentPostprocessing = 0;
		};
		EF91F621192CF3DE00261F77 /* Sources */ = {
			isa = PBXSourcesBuildPhase;
			buildActionMask = 2147483647;
			files = (
				EF91F633192CF3DE00261F77 /* Manual_Reference_CountingTests.m in Sources */,
			);
			runOnlyForDeploymentPostprocessing = 0;
		};
/* End PBXSourcesBuildPhase section */

/* Begin PBXTargetDependency section */
		EF91F62B192CF3DE00261F77 /* PBXTargetDependency */ = {
			isa = PBXTargetDependency;
			target = EF91F603192CF3DD00261F77 /* Manual Reference Counting */;
			targetProxy = EF91F62A192CF3DE00261F77 /* PBXContainerItemProxy */;
		};
/* End PBXTargetDependency section */

/* Begin PBXVariantGroup section */
		EF91F610192CF3DE00261F77 /* InfoPlist.strings */ = {
			isa = PBXVariantGroup;
			children = (
				EF91F611192CF3DE00261F77 /* en */,
			);
			name = InfoPlist.strings;
			sourceTree = "<group>";
		};
		EF91F619192CF3DE00261F77 /* Main.storyboard */ = {
			isa = PBXVariantGroup;
			children = (
				EF91F61A192CF3DE00261F77 /* Base */,
			);
			name = Main.storyboard;
			sourceTree = "<group>";
		};
		EF91F62F192CF3DE00261F77 /* InfoPlist.strings */ = {
			isa = PBXVariantGroup;
			children = (
				EF91F630192CF3DE00261F77 /* en */,
			);
			name = InfoPlist.strings;
			sourceTree = "<group>";
		};
/* End PBXVariantGroup section */

/* Begin XCBuildConfiguration section */
		EF91F634192CF3DE00261F77 /* Debug */ = {
			isa = XCBuildConfiguration;
			buildSettings = {
				ALWAYS_SEARCH_USER_PATHS = NO;
				CLANG_CXX_LANGUAGE_STANDARD = "gnu++0x";
				CLANG_CXX_LIBRARY = "libc++";
				CLANG_ENABLE_MODULES = YES;
				CLANG_ENABLE_OBJC_ARC = YES;
				CLANG_WARN_BOOL_CONVERSION = YES;
				CLANG_WARN_CONSTANT_CONVERSION = YES;
				CLANG_WARN_DIRECT_OBJC_ISA_USAGE = YES_ERROR;
				CLANG_WARN_EMPTY_BODY = YES;
				CLANG_WARN_ENUM_CONVERSION = YES;
				CLANG_WARN_INT_CONVERSION = YES;
				CLANG_WARN_OBJC_ROOT_CLASS = YES_ERROR;
				CLANG_WARN__DUPLICATE_METHOD_MATCH = YES;
				"CODE_SIGN_IDENTITY[sdk=iphoneos*]" = "iPhone Developer";
				COPY_PHASE_STRIP = NO;
				GCC_C_LANGUAGE_STANDARD = gnu99;
				GCC_DYNAMIC_NO_PIC = NO;
				GCC_OPTIMIZATION_LEVEL = 0;
				GCC_PREPROCESSOR_DEFINITIONS = (
					"DEBUG=1",
					"$(inherited)",
				);
				GCC_SYMBOLS_PRIVATE_EXTERN = NO;
				GCC_WARN_64_TO_32_BIT_CONVERSION = YES;
				GCC_WARN_ABOUT_RETURN_TYPE = YES_ERROR;
				GCC_WARN_UNDECLARED_SELECTOR = YES;
				GCC_WARN_UNINITIALIZED_AUTOS = YES_AGGRESSIVE;
				GCC_WARN_UNUSED_FUNCTION = YES;
				GCC_WARN_UNUSED_VARIABLE = YES;
				IPHONEOS_DEPLOYMENT_TARGET = 7.1;
				ONLY_ACTIVE_ARCH = YES;
				SDKROOT = iphoneos;
			};
			name = Debug;
		};
		EF91F635192CF3DE00261F77 /* Release */ = {
			isa = XCBuildConfiguration;
			buildSettings = {
				ALWAYS_SEARCH_USER_PATHS = NO;
				CLANG_CXX_LANGUAGE_STANDARD = "gnu++0x";
				CLANG_CXX_LIBRARY = "libc++";
				CLANG_ENABLE_MODULES = YES;
				CLANG_ENABLE_OBJC_ARC = YES;
				CLANG_WARN_BOOL_CONVERSION = YES;
				CLANG_WARN_CONSTANT_CONVERSION = YES;
				CLANG_WARN_DIRECT_OBJC_ISA_USAGE = YES_ERROR;
				CLANG_WARN_EMPTY_BODY = YES;
				CLANG_WARN_ENUM_CONVERSION = YES;
				CLANG_WARN_INT_CONVERSION = YES;
				CLANG_WARN_OBJC_ROOT_CLASS = YES_ERROR;
				CLANG_WARN__DUPLICATE_METHOD_MATCH = YES;
				"CODE_SIGN_IDENTITY[sdk=iphoneos*]" = "iPhone Developer";
				COPY_PHASE_STRIP = YES;
				ENABLE_NS_ASSERTIONS = NO;
				GCC_C_LANGUAGE_STANDARD = gnu99;
				GCC_WARN_64_TO_32_BIT_CONVERSION = YES;
				GCC_WARN_ABOUT_RETURN_TYPE = YES_ERROR;
				GCC_WARN_UNDECLARED_SELECTOR = YES;
				GCC_WARN_UNINITIALIZED_AUTOS = YES_AGGRESSIVE;
				GCC_WARN_UNUSED_FUNCTION = YES;
				GCC_WARN_UNUSED_VARIABLE = YES;
				IPHONEOS_DEPLOYMENT_TARGET = 7.1;
				SDKROOT = iphoneos;
				VALIDATE_PRODUCT = YES;
			};
			name = Release;
		};
		EF91F637192CF3DE00261F77 /* Debug */ = {
			isa = XCBuildConfiguration;
			buildSettings = {
				ASSETCATALOG_COMPILER_APPICON_NAME = AppIcon;
				ASSETCATALOG_COMPILER_LAUNCHIMAGE_NAME = LaunchImage;
				GCC_PRECOMPILE_PREFIX_HEADER = YES;
				GCC_PREFIX_HEADER = "Manual Reference Counting/Manual Reference Counting-Prefix.pch";
				INFOPLIST_FILE = "Manual Reference Counting/Manual Reference Counting-Info.plist";
				PRODUCT_NAME = "$(TARGET_NAME)";
				WRAPPER_EXTENSION = app;
			};
			name = Debug;
		};
		EF91F638192CF3DE00261F77 /* Release */ = {
			isa = XCBuildConfiguration;
			buildSettings = {
				ASSETCATALOG_COMPILER_APPICON_NAME = AppIcon;
				ASSETCATALOG_COMPILER_LAUNCHIMAGE_NAME = LaunchImage;
				GCC_PRECOMPILE_PREFIX_HEADER = YES;
				GCC_PREFIX_HEADER = "Manual Reference Counting/Manual Reference Counting-Prefix.pch";
				INFOPLIST_FILE = "Manual Reference Counting/Manual Reference Counting-Info.plist";
				PRODUCT_NAME = "$(TARGET_NAME)";
				WRAPPER_EXTENSION = app;
			};
			name = Release;
		};
		EF91F63A192CF3DE00261F77 /* Debug */ = {
			isa = XCBuildConfiguration;
			buildSettings = {
				BUNDLE_LOADER = "$(BUILT_PRODUCTS_DIR)/Manual Reference Counting.app/Manual Reference Counting";
				FRAMEWORK_SEARCH_PATHS = (
					"$(SDKROOT)/Developer/Library/Frameworks",
					"$(inherited)",
					"$(DEVELOPER_FRAMEWORKS_DIR)",
				);
				GCC_PRECOMPILE_PREFIX_HEADER = YES;
				GCC_PREFIX_HEADER = "Manual Reference Counting/Manual Reference Counting-Prefix.pch";
				GCC_PREPROCESSOR_DEFINITIONS = (
					"DEBUG=1",
					"$(inherited)",
				);
				INFOPLIST_FILE = "Manual Reference CountingTests/Manual Reference CountingTests-Info.plist";
				PRODUCT_NAME = "$(TARGET_NAME)";
				TEST_HOST = "$(BUNDLE_LOADER)";
				WRAPPER_EXTENSION = xctest;
			};
			name = Debug;
		};
		EF91F63B192CF3DE00261F77 /* Release */ = {
			isa = XCBuildConfiguration;
			buildSettings = {
				BUNDLE_LOADER = "$(BUILT_PRODUCTS_DIR)/Manual Reference Counting.app/Manual Reference Counting";
				FRAMEWORK_SEARCH_PATHS = (
					"$(SDKROOT)/Developer/Library/Frameworks",
					"$(inherited)",
					"$(DEVELOPER_FRAMEWORKS_DIR)",
				);
				GCC_PRECOMPILE_PREFIX_HEADER = YES;
				GCC_PREFIX_HEADER = "Manual Reference Counting/Manual Reference Counting-Prefix.pch";
				INFOPLIST_FILE = "Manual Reference CountingTests/Manual Reference CountingTests-Info.plist";
				PRODUCT_NAME = "$(TARGET_NAME)";
				TEST_HOST = "$(BUNDLE_LOADER)";
				WRAPPER_EXTENSION = xctest;
			};
			name = Release;
		};
/* End XCBuildConfiguration section */

/* Begin XCConfigurationList section */
		EF91F5FF192CF3DD00261F77 /* Build configuration list for PBXProject "Manual Reference Counting" */ = {
			isa = XCConfigurationList;
			buildConfigurations = (
				EF91F634192CF3DE00261F77 /* Debug */,
				EF91F635192CF3DE00261F77 /* Release */,
			);
			defaultConfigurationIsVisible = 0;
			defaultConfigurationName = Release;
		};
		EF91F636192CF3DE00261F77 /* Build configuration list for PBXNativeTarget "Manual Reference Counting" */ = {
			isa = XCConfigurationList;
			buildConfigurations = (
				EF91F637192CF3DE00261F77 /* Debug */,
				EF91F638192CF3DE00261F77 /* Release */,
			);
			defaultConfigurationIsVisible = 0;
		};
		EF91F639192CF3DE00261F77 /* Build configuration list for PBXNativeTarget "Manual Reference CountingTests" */ = {
			isa = XCConfigurationList;
			buildConfigurations = (
				EF91F63A192CF3DE00261F77 /* Debug */,
				EF91F63B192CF3DE00261F77 /* Release */,
			);
			defaultConfigurationIsVisible = 0;
		};
/* End XCConfigurationList section */
	};
	rootObject = EF91F5FC192CF3DD00261F77 /* Project object */;
}
